
Microsoft Visual Studio Solution File, Format Version 12.00
# Visual Studio Version 17
VisualStudioVersion = 17.3.32825.248
MinimumVisualStudioVersion = 10.0.40219.1
Project("{9A19103F-16F7-4668-BE54-9A1E7A4F7556}") = "MandatoryAss4", "MandatoryAss4\MandatoryAss4.csproj", "{42E60289-0627-4718-A220-0C345F0D492C}"
EndProject
Project("{FAE04EC0-301F-11D3-BF4B-00C04F79EFBC}") = "MandatoryAss4Tests", "MandatoryAss4Tests\MandatoryAss4Tests.csproj", "{BBC5697A-EC39-41FB-A349-6EB7BF254841}"
EndProject
Global
	GlobalSection(SolutionConfigurationPlatforms) = preSolution
		Debug|Any CPU = Debug|Any CPU
		Release|Any CPU = Release|Any CPU
	EndGlobalSection
	GlobalSection(ProjectConfigurationPlatforms) = postSolution
		{42E60289-0627-4718-A220-0C345F0D492C}.Debug|Any CPU.ActiveCfg = Debug|Any CPU
		{42E60289-0627-4718-A220-0C345F0D492C}.Debug|Any CPU.Build.0 = Debug|Any CPU
		{42E60289-0627-4718-A220-0C345F0D492C}.Release|Any CPU.ActiveCfg = Release|Any CPU
		{42E60289-0627-4718-A220-0C345F0D492C}.Release|Any CPU.Build.0 = Release|Any CPU
		{BBC5697A-EC39-41FB-A349-6EB7BF254841}.Debug|Any CPU.ActiveCfg = Debug|Any CPU
		{BBC5697A-EC39-41FB-A349-6EB7BF254841}.Debug|Any CPU.Build.0 = Debug|Any CPU
		{BBC5697A-EC39-41FB-A349-6EB7BF254841}.Release|Any CPU.ActiveCfg = Release|Any CPU
		{BBC5697A-EC39-41FB-A349-6EB7BF254841}.Release|Any CPU.Build.0 = Release|Any CPU
	EndGlobalSection
	GlobalSection(SolutionProperties) = preSolution
		HideSolutionNode = FALSE
	EndGlobalSection
	GlobalSection(ExtensibilityGlobals) = postSolution
		SolutionGuid = {B73E1461-D6DE-46FE-A407-7B20ADEEA222}
	EndGlobalSection
EndGlobal
